// !$*UTF8*$!
{
	archiveVersion = 1;
	classes = {
	};
	objectVersion = 56;
	objects = {

/* Begin PBXBuildFile section */
		2443C3A62C22A42800DBFE5D /* PresentationLayer.docc in Sources */ = {isa = PBXBuildFile; fileRef = 2443C3A52C22A42800DBFE5D /* PresentationLayer.docc */; };
		2443C3AC2C22A42800DBFE5D /* PresentationLayer.framework in Frameworks */ = {isa = PBXBuildFile; fileRef = 2443C3A12C22A42800DBFE5D /* PresentationLayer.framework */; };
		2443C3B22C22A42800DBFE5D /* PresentationLayer.h in Headers */ = {isa = PBXBuildFile; fileRef = 2443C3A42C22A42800DBFE5D /* PresentationLayer.h */; settings = {ATTRIBUTES = (Public, ); }; };
		2443C3BD2C22A43C00DBFE5D /* DomainLayer.framework in Frameworks */ = {isa = PBXBuildFile; fileRef = 2443C3BC2C22A43C00DBFE5D /* DomainLayer.framework */; };
		2443C3BE2C22A43C00DBFE5D /* DomainLayer.framework in Embed Frameworks */ = {isa = PBXBuildFile; fileRef = 2443C3BC2C22A43C00DBFE5D /* DomainLayer.framework */; settings = {ATTRIBUTES = (CodeSignOnCopy, RemoveHeadersOnCopy, ); }; };
		244BA9532C22E4CE0088F53D /* RaceCellVew.swift in Sources */ = {isa = PBXBuildFile; fileRef = 244BA9522C22E4CE0088F53D /* RaceCellVew.swift */; };
		244BA9572C22E8940088F53D /* RaceListView.swift in Sources */ = {isa = PBXBuildFile; fileRef = 244BA9562C22E8940088F53D /* RaceListView.swift */; };
		244BA9592C22E8D30088F53D /* RaceListViewModel.swift in Sources */ = {isa = PBXBuildFile; fileRef = 244BA9582C22E8D30088F53D /* RaceListViewModel.swift */; };
		244BA95C2C22EA3C0088F53D /* Int+Extensions.swift in Sources */ = {isa = PBXBuildFile; fileRef = 244BA95B2C22EA3C0088F53D /* Int+Extensions.swift */; };
		244BA95F2C22F7610088F53D /* ViewResolverProtocol.swift in Sources */ = {isa = PBXBuildFile; fileRef = 244BA95E2C22F7610088F53D /* ViewResolverProtocol.swift */; };
		244BA9612C22F79F0088F53D /* ViewResolverMock.swift in Sources */ = {isa = PBXBuildFile; fileRef = 244BA9602C22F79F0088F53D /* ViewResolverMock.swift */; };
		244BA9642C2303170088F53D /* RaceCategoriesView.swift in Sources */ = {isa = PBXBuildFile; fileRef = 244BA9632C2303170088F53D /* RaceCategoriesView.swift */; };
		244BA9662C2305D70088F53D /* CheckboxToggleStyle.swift in Sources */ = {isa = PBXBuildFile; fileRef = 244BA9652C2305D70088F53D /* CheckboxToggleStyle.swift */; };
		244BA9752C23A7D00088F53D /* RaceListViewModelTests.swift in Sources */ = {isa = PBXBuildFile; fileRef = 244BA9742C23A7D00088F53D /* RaceListViewModelTests.swift */; };
		244BA97B2C23B0510088F53D /* ViewIdentifiers.swift in Sources */ = {isa = PBXBuildFile; fileRef = 244BA97A2C23B0510088F53D /* ViewIdentifiers.swift */; };
		244BA97E2C23CDBF0088F53D /* IntExtensionsTest.swift in Sources */ = {isa = PBXBuildFile; fileRef = 244BA97D2C23CDBF0088F53D /* IntExtensionsTest.swift */; };
/* End PBXBuildFile section */

/* Begin PBXContainerItemProxy section */
		2443C3AD2C22A42800DBFE5D /* PBXContainerItemProxy */ = {
			isa = PBXContainerItemProxy;
			containerPortal = 2443C3982C22A42800DBFE5D /* Project object */;
			proxyType = 1;
			remoteGlobalIDString = 2443C3A02C22A42800DBFE5D;
			remoteInfo = PresentationLayer;
		};
/* End PBXContainerItemProxy section */

/* Begin PBXCopyFilesBuildPhase section */
		2443C3BF2C22A43C00DBFE5D /* Embed Frameworks */ = {
			isa = PBXCopyFilesBuildPhase;
			buildActionMask = 2147483647;
			dstPath = "";
			dstSubfolderSpec = 10;
			files = (
				2443C3BE2C22A43C00DBFE5D /* DomainLayer.framework in Embed Frameworks */,
			);
			name = "Embed Frameworks";
			runOnlyForDeploymentPostprocessing = 0;
		};
/* End PBXCopyFilesBuildPhase section */

/* Begin PBXFileReference section */
		2443C3A12C22A42800DBFE5D /* PresentationLayer.framework */ = {isa = PBXFileReference; explicitFileType = wrapper.framework; includeInIndex = 0; path = PresentationLayer.framework; sourceTree = BUILT_PRODUCTS_DIR; };
		2443C3A42C22A42800DBFE5D /* PresentationLayer.h */ = {isa = PBXFileReference; lastKnownFileType = sourcecode.c.h; path = PresentationLayer.h; sourceTree = "<group>"; };
		2443C3A52C22A42800DBFE5D /* PresentationLayer.docc */ = {isa = PBXFileReference; lastKnownFileType = folder.documentationcatalog; path = PresentationLayer.docc; sourceTree = "<group>"; };
		2443C3AB2C22A42800DBFE5D /* PresentationLayerTests.xctest */ = {isa = PBXFileReference; explicitFileType = wrapper.cfbundle; includeInIndex = 0; path = PresentationLayerTests.xctest; sourceTree = BUILT_PRODUCTS_DIR; };
		2443C3BC2C22A43C00DBFE5D /* DomainLayer.framework */ = {isa = PBXFileReference; explicitFileType = wrapper.framework; path = DomainLayer.framework; sourceTree = BUILT_PRODUCTS_DIR; };
		244BA9522C22E4CE0088F53D /* RaceCellVew.swift */ = {isa = PBXFileReference; lastKnownFileType = sourcecode.swift; path = RaceCellVew.swift; sourceTree = "<group>"; };
		244BA9562C22E8940088F53D /* RaceListView.swift */ = {isa = PBXFileReference; lastKnownFileType = sourcecode.swift; path = RaceListView.swift; sourceTree = "<group>"; };
		244BA9582C22E8D30088F53D /* RaceListViewModel.swift */ = {isa = PBXFileReference; lastKnownFileType = sourcecode.swift; path = RaceListViewModel.swift; sourceTree = "<group>"; };
		244BA95B2C22EA3C0088F53D /* Int+Extensions.swift */ = {isa = PBXFileReference; lastKnownFileType = sourcecode.swift; path = "Int+Extensions.swift"; sourceTree = "<group>"; };
		244BA95E2C22F7610088F53D /* ViewResolverProtocol.swift */ = {isa = PBXFileReference; lastKnownFileType = sourcecode.swift; path = ViewResolverProtocol.swift; sourceTree = "<group>"; };
		244BA9602C22F79F0088F53D /* ViewResolverMock.swift */ = {isa = PBXFileReference; lastKnownFileType = sourcecode.swift; path = ViewResolverMock.swift; sourceTree = "<group>"; };
		244BA9632C2303170088F53D /* RaceCategoriesView.swift */ = {isa = PBXFileReference; lastKnownFileType = sourcecode.swift; path = RaceCategoriesView.swift; sourceTree = "<group>"; };
		244BA9652C2305D70088F53D /* CheckboxToggleStyle.swift */ = {isa = PBXFileReference; lastKnownFileType = sourcecode.swift; path = CheckboxToggleStyle.swift; sourceTree = "<group>"; };
		244BA9742C23A7D00088F53D /* RaceListViewModelTests.swift */ = {isa = PBXFileReference; lastKnownFileType = sourcecode.swift; path = RaceListViewModelTests.swift; sourceTree = "<group>"; };
		244BA97A2C23B0510088F53D /* ViewIdentifiers.swift */ = {isa = PBXFileReference; lastKnownFileType = sourcecode.swift; path = ViewIdentifiers.swift; sourceTree = "<group>"; };
		244BA97D2C23CDBF0088F53D /* IntExtensionsTest.swift */ = {isa = PBXFileReference; lastKnownFileType = sourcecode.swift; path = IntExtensionsTest.swift; sourceTree = "<group>"; };
/* End PBXFileReference section */

/* Begin PBXFrameworksBuildPhase section */
		2443C39E2C22A42800DBFE5D /* Frameworks */ = {
			isa = PBXFrameworksBuildPhase;
			buildActionMask = 2147483647;
			files = (
				2443C3BD2C22A43C00DBFE5D /* DomainLayer.framework in Frameworks */,
			);
			runOnlyForDeploymentPostprocessing = 0;
		};
		2443C3A82C22A42800DBFE5D /* Frameworks */ = {
			isa = PBXFrameworksBuildPhase;
			buildActionMask = 2147483647;
			files = (
				2443C3AC2C22A42800DBFE5D /* PresentationLayer.framework in Frameworks */,
			);
			runOnlyForDeploymentPostprocessing = 0;
		};
/* End PBXFrameworksBuildPhase section */

/* Begin PBXGroup section */
		2443C3972C22A42800DBFE5D = {
			isa = PBXGroup;
			children = (
				2443C3A32C22A42800DBFE5D /* PresentationLayer */,
				2443C3AF2C22A42800DBFE5D /* PresentationLayerTests */,
				2443C3A22C22A42800DBFE5D /* Products */,
				2443C3BB2C22A43C00DBFE5D /* Frameworks */,
			);
			sourceTree = "<group>";
		};
		2443C3A22C22A42800DBFE5D /* Products */ = {
			isa = PBXGroup;
			children = (
				2443C3A12C22A42800DBFE5D /* PresentationLayer.framework */,
				2443C3AB2C22A42800DBFE5D /* PresentationLayerTests.xctest */,
			);
			name = Products;
			sourceTree = "<group>";
		};
		2443C3A32C22A42800DBFE5D /* PresentationLayer */ = {
			isa = PBXGroup;
			children = (
				244BA9792C23B03B0088F53D /* ViewIndentifiers */,
				244BA9672C2306010088F53D /* CustomViews */,
				244BA95D2C22F74A0088F53D /* ViewResolver */,
				244BA95A2C22E9A30088F53D /* Extensions */,
				244BA94F2C22E4950088F53D /* Races */,
				2443C3A42C22A42800DBFE5D /* PresentationLayer.h */,
				2443C3A52C22A42800DBFE5D /* PresentationLayer.docc */,
			);
			path = PresentationLayer;
			sourceTree = "<group>";
		};
		2443C3AF2C22A42800DBFE5D /* PresentationLayerTests */ = {
			isa = PBXGroup;
			children = (
				244BA97C2C23CD9D0088F53D /* Extensions */,
				244BA9722C23A7980088F53D /* Races */,
			);
			path = PresentationLayerTests;
			sourceTree = "<group>";
		};
		2443C3BB2C22A43C00DBFE5D /* Frameworks */ = {
			isa = PBXGroup;
			children = (
				2443C3BC2C22A43C00DBFE5D /* DomainLayer.framework */,
			);
			name = Frameworks;
			sourceTree = "<group>";
		};
		244BA94F2C22E4950088F53D /* Races */ = {
			isa = PBXGroup;
			children = (
				244BA9622C2302F60088F53D /* Views */,
				244BA9712C23A60E0088F53D /* ViewModels */,
			);
			path = Races;
			sourceTree = "<group>";
		};
		244BA95A2C22E9A30088F53D /* Extensions */ = {
			isa = PBXGroup;
			children = (
				244BA95B2C22EA3C0088F53D /* Int+Extensions.swift */,
			);
			path = Extensions;
			sourceTree = "<group>";
		};
		244BA95D2C22F74A0088F53D /* ViewResolver */ = {
			isa = PBXGroup;
			children = (
				244BA95E2C22F7610088F53D /* ViewResolverProtocol.swift */,
				244BA9602C22F79F0088F53D /* ViewResolverMock.swift */,
			);
			path = ViewResolver;
			sourceTree = "<group>";
		};
		244BA9622C2302F60088F53D /* Views */ = {
			isa = PBXGroup;
			children = (
				244BA9562C22E8940088F53D /* RaceListView.swift */,
				244BA9522C22E4CE0088F53D /* RaceCellVew.swift */,
				244BA9632C2303170088F53D /* RaceCategoriesView.swift */,
			);
			path = Views;
			sourceTree = "<group>";
		};
		244BA9672C2306010088F53D /* CustomViews */ = {
			isa = PBXGroup;
			children = (
				244BA9652C2305D70088F53D /* CheckboxToggleStyle.swift */,
			);
			path = CustomViews;
			sourceTree = "<group>";
		};
		244BA9712C23A60E0088F53D /* ViewModels */ = {
			isa = PBXGroup;
			children = (
				244BA9582C22E8D30088F53D /* RaceListViewModel.swift */,
			);
			path = ViewModels;
			sourceTree = "<group>";
		};
		244BA9722C23A7980088F53D /* Races */ = {
			isa = PBXGroup;
			children = (
				244BA9732C23A7AE0088F53D /* ViewModels */,
			);
			path = Races;
			sourceTree = "<group>";
		};
		244BA9732C23A7AE0088F53D /* ViewModels */ = {
			isa = PBXGroup;
			children = (
				244BA9742C23A7D00088F53D /* RaceListViewModelTests.swift */,
			);
			path = ViewModels;
			sourceTree = "<group>";
		};
		244BA9792C23B03B0088F53D /* ViewIndentifiers */ = {
			isa = PBXGroup;
			children = (
				244BA97A2C23B0510088F53D /* ViewIdentifiers.swift */,
			);
			path = ViewIndentifiers;
			sourceTree = "<group>";
		};
		244BA97C2C23CD9D0088F53D /* Extensions */ = {
			isa = PBXGroup;
			children = (
				244BA97D2C23CDBF0088F53D /* IntExtensionsTest.swift */,
			);
			path = Extensions;
			sourceTree = "<group>";
		};
/* End PBXGroup section */

/* Begin PBXHeadersBuildPhase section */
		2443C39C2C22A42800DBFE5D /* Headers */ = {
			isa = PBXHeadersBuildPhase;
			buildActionMask = 2147483647;
			files = (
				2443C3B22C22A42800DBFE5D /* PresentationLayer.h in Headers */,
			);
			runOnlyForDeploymentPostprocessing = 0;
		};
/* End PBXHeadersBuildPhase section */

/* Begin PBXNativeTarget section */
		2443C3A02C22A42800DBFE5D /* PresentationLayer */ = {
			isa = PBXNativeTarget;
			buildConfigurationList = 2443C3B52C22A42800DBFE5D /* Build configuration list for PBXNativeTarget "PresentationLayer" */;
			buildPhases = (
				2443C39C2C22A42800DBFE5D /* Headers */,
				2443C39D2C22A42800DBFE5D /* Sources */,
				2443C39E2C22A42800DBFE5D /* Frameworks */,
				2443C39F2C22A42800DBFE5D /* Resources */,
				2443C3BF2C22A43C00DBFE5D /* Embed Frameworks */,
			);
			buildRules = (
			);
			dependencies = (
			);
			name = PresentationLayer;
			productName = PresentationLayer;
			productReference = 2443C3A12C22A42800DBFE5D /* PresentationLayer.framework */;
			productType = "com.apple.product-type.framework";
		};
		2443C3AA2C22A42800DBFE5D /* PresentationLayerTests */ = {
			isa = PBXNativeTarget;
			buildConfigurationList = 2443C3B82C22A42800DBFE5D /* Build configuration list for PBXNativeTarget "PresentationLayerTests" */;
			buildPhases = (
				2443C3A72C22A42800DBFE5D /* Sources */,
				2443C3A82C22A42800DBFE5D /* Frameworks */,
				2443C3A92C22A42800DBFE5D /* Resources */,
			);
			buildRules = (
			);
			dependencies = (
				2443C3AE2C22A42800DBFE5D /* PBXTargetDependency */,
			);
			name = PresentationLayerTests;
			productName = PresentationLayerTests;
			productReference = 2443C3AB2C22A42800DBFE5D /* PresentationLayerTests.xctest */;
			productType = "com.apple.product-type.bundle.unit-test";
		};
/* End PBXNativeTarget section */

/* Begin PBXProject section */
		2443C3982C22A42800DBFE5D /* Project object */ = {
			isa = PBXProject;
			attributes = {
				BuildIndependentTargetsInParallel = 1;
				LastSwiftUpdateCheck = 1540;
				LastUpgradeCheck = 1540;
				TargetAttributes = {
					2443C3A02C22A42800DBFE5D = {
						CreatedOnToolsVersion = 15.4;
					};
					2443C3AA2C22A42800DBFE5D = {
						CreatedOnToolsVersion = 15.4;
						LastSwiftMigration = 1540;
					};
				};
			};
			buildConfigurationList = 2443C39B2C22A42800DBFE5D /* Build configuration list for PBXProject "PresentationLayer" */;
			compatibilityVersion = "Xcode 14.0";
			developmentRegion = en;
			hasScannedForEncodings = 0;
			knownRegions = (
				en,
				Base,
			);
			mainGroup = 2443C3972C22A42800DBFE5D;
			productRefGroup = 2443C3A22C22A42800DBFE5D /* Products */;
			projectDirPath = "";
			projectRoot = "";
			targets = (
				2443C3A02C22A42800DBFE5D /* PresentationLayer */,
				2443C3AA2C22A42800DBFE5D /* PresentationLayerTests */,
			);
		};
/* End PBXProject section */

/* Begin PBXResourcesBuildPhase section */
		2443C39F2C22A42800DBFE5D /* Resources */ = {
			isa = PBXResourcesBuildPhase;
			buildActionMask = 2147483647;
			files = (
			);
			runOnlyForDeploymentPostprocessing = 0;
		};
		2443C3A92C22A42800DBFE5D /* Resources */ = {
			isa = PBXResourcesBuildPhase;
			buildActionMask = 2147483647;
			files = (
			);
			runOnlyForDeploymentPostprocessing = 0;
		};
/* End PBXResourcesBuildPhase section */

/* Begin PBXSourcesBuildPhase section */
		2443C39D2C22A42800DBFE5D /* Sources */ = {
			isa = PBXSourcesBuildPhase;
			buildActionMask = 2147483647;
			files = (
				244BA9612C22F79F0088F53D /* ViewResolverMock.swift in Sources */,
				244BA95F2C22F7610088F53D /* ViewResolverProtocol.swift in Sources */,
				244BA9662C2305D70088F53D /* CheckboxToggleStyle.swift in Sources */,
				2443C3A62C22A42800DBFE5D /* PresentationLayer.docc in Sources */,
				244BA9592C22E8D30088F53D /* RaceListViewModel.swift in Sources */,
				244BA9572C22E8940088F53D /* RaceListView.swift in Sources */,
				244BA9642C2303170088F53D /* RaceCategoriesView.swift in Sources */,
				244BA9532C22E4CE0088F53D /* RaceCellVew.swift in Sources */,
				244BA95C2C22EA3C0088F53D /* Int+Extensions.swift in Sources */,
				244BA97B2C23B0510088F53D /* ViewIdentifiers.swift in Sources */,
			);
			runOnlyForDeploymentPostprocessing = 0;
		};
		2443C3A72C22A42800DBFE5D /* Sources */ = {
			isa = PBXSourcesBuildPhase;
			buildActionMask = 2147483647;
			files = (
				244BA9752C23A7D00088F53D /* RaceListViewModelTests.swift in Sources */,
				244BA97E2C23CDBF0088F53D /* IntExtensionsTest.swift in Sources */,
			);
			runOnlyForDeploymentPostprocessing = 0;
		};
/* End PBXSourcesBuildPhase section */

/* Begin PBXTargetDependency section */
		2443C3AE2C22A42800DBFE5D /* PBXTargetDependency */ = {
			isa = PBXTargetDependency;
			target = 2443C3A02C22A42800DBFE5D /* PresentationLayer */;
			targetProxy = 2443C3AD2C22A42800DBFE5D /* PBXContainerItemProxy */;
		};
/* End PBXTargetDependency section */

/* Begin XCBuildConfiguration section */
		2443C3B32C22A42800DBFE5D /* Debug */ = {
			isa = XCBuildConfiguration;
			buildSettings = {
				ALWAYS_SEARCH_USER_PATHS = NO;
				ASSETCATALOG_COMPILER_GENERATE_SWIFT_ASSET_SYMBOL_EXTENSIONS = YES;
				CLANG_ANALYZER_NONNULL = YES;
				CLANG_ANALYZER_NUMBER_OBJECT_CONVERSION = YES_AGGRESSIVE;
				CLANG_CXX_LANGUAGE_STANDARD = "gnu++20";
				CLANG_ENABLE_MODULES = YES;
				CLANG_ENABLE_OBJC_ARC = YES;
				CLANG_ENABLE_OBJC_WEAK = YES;
				CLANG_WARN_BLOCK_CAPTURE_AUTORELEASING = YES;
				CLANG_WARN_BOOL_CONVERSION = YES;
				CLANG_WARN_COMMA = YES;
				CLANG_WARN_CONSTANT_CONVERSION = YES;
				CLANG_WARN_DEPRECATED_OBJC_IMPLEMENTATIONS = YES;
				CLANG_WARN_DIRECT_OBJC_ISA_USAGE = YES_ERROR;
				CLANG_WARN_DOCUMENTATION_COMMENTS = YES;
				CLANG_WARN_EMPTY_BODY = YES;
				CLANG_WARN_ENUM_CONVERSION = YES;
				CLANG_WARN_INFINITE_RECURSION = YES;
				CLANG_WARN_INT_CONVERSION = YES;
				CLANG_WARN_NON_LITERAL_NULL_CONVERSION = YES;
				CLANG_WARN_OBJC_IMPLICIT_RETAIN_SELF = YES;
				CLANG_WARN_OBJC_LITERAL_CONVERSION = YES;
				CLANG_WARN_OBJC_ROOT_CLASS = YES_ERROR;
				CLANG_WARN_QUOTED_INCLUDE_IN_FRAMEWORK_HEADER = YES;
				CLANG_WARN_RANGE_LOOP_ANALYSIS = YES;
				CLANG_WARN_STRICT_PROTOTYPES = YES;
				CLANG_WARN_SUSPICIOUS_MOVE = YES;
				CLANG_WARN_UNGUARDED_AVAILABILITY = YES_AGGRESSIVE;
				CLANG_WARN_UNREACHABLE_CODE = YES;
				CLANG_WARN__DUPLICATE_METHOD_MATCH = YES;
				COPY_PHASE_STRIP = NO;
				CURRENT_PROJECT_VERSION = 1;
				DEBUG_INFORMATION_FORMAT = dwarf;
				ENABLE_STRICT_OBJC_MSGSEND = YES;
				ENABLE_TESTABILITY = YES;
				ENABLE_USER_SCRIPT_SANDBOXING = YES;
				GCC_C_LANGUAGE_STANDARD = gnu17;
				GCC_DYNAMIC_NO_PIC = NO;
				GCC_NO_COMMON_BLOCKS = YES;
				GCC_OPTIMIZATION_LEVEL = 0;
				GCC_PREPROCESSOR_DEFINITIONS = (
					"DEBUG=1",
					"$(inherited)",
				);
				GCC_WARN_64_TO_32_BIT_CONVERSION = YES;
				GCC_WARN_ABOUT_RETURN_TYPE = YES_ERROR;
				GCC_WARN_UNDECLARED_SELECTOR = YES;
				GCC_WARN_UNINITIALIZED_AUTOS = YES_AGGRESSIVE;
				GCC_WARN_UNUSED_FUNCTION = YES;
				GCC_WARN_UNUSED_VARIABLE = YES;
				LOCALIZATION_PREFERS_STRING_CATALOGS = YES;
				MTL_ENABLE_DEBUG_INFO = INCLUDE_SOURCE;
				MTL_FAST_MATH = YES;
				ONLY_ACTIVE_ARCH = YES;
				SWIFT_ACTIVE_COMPILATION_CONDITIONS = "DEBUG $(inherited)";
				SWIFT_OPTIMIZATION_LEVEL = "-Onone";
				VERSIONING_SYSTEM = "apple-generic";
				VERSION_INFO_PREFIX = "";
			};
			name = Debug;
		};
		2443C3B42C22A42800DBFE5D /* Release */ = {
			isa = XCBuildConfiguration;
			buildSettings = {
				ALWAYS_SEARCH_USER_PATHS = NO;
				ASSETCATALOG_COMPILER_GENERATE_SWIFT_ASSET_SYMBOL_EXTENSIONS = YES;
				CLANG_ANALYZER_NONNULL = YES;
				CLANG_ANALYZER_NUMBER_OBJECT_CONVERSION = YES_AGGRESSIVE;
				CLANG_CXX_LANGUAGE_STANDARD = "gnu++20";
				CLANG_ENABLE_MODULES = YES;
				CLANG_ENABLE_OBJC_ARC = YES;
				CLANG_ENABLE_OBJC_WEAK = YES;
				CLANG_WARN_BLOCK_CAPTURE_AUTORELEASING = YES;
				CLANG_WARN_BOOL_CONVERSION = YES;
				CLANG_WARN_COMMA = YES;
				CLANG_WARN_CONSTANT_CONVERSION = YES;
				CLANG_WARN_DEPRECATED_OBJC_IMPLEMENTATIONS = YES;
				CLANG_WARN_DIRECT_OBJC_ISA_USAGE = YES_ERROR;
				CLANG_WARN_DOCUMENTATION_COMMENTS = YES;
				CLANG_WARN_EMPTY_BODY = YES;
				CLANG_WARN_ENUM_CONVERSION = YES;
				CLANG_WARN_INFINITE_RECURSION = YES;
				CLANG_WARN_INT_CONVERSION = YES;
				CLANG_WARN_NON_LITERAL_NULL_CONVERSION = YES;
				CLANG_WARN_OBJC_IMPLICIT_RETAIN_SELF = YES;
				CLANG_WARN_OBJC_LITERAL_CONVERSION = YES;
				CLANG_WARN_OBJC_ROOT_CLASS = YES_ERROR;
				CLANG_WARN_QUOTED_INCLUDE_IN_FRAMEWORK_HEADER = YES;
				CLANG_WARN_RANGE_LOOP_ANALYSIS = YES;
				CLANG_WARN_STRICT_PROTOTYPES = YES;
				CLANG_WARN_SUSPICIOUS_MOVE = YES;
				CLANG_WARN_UNGUARDED_AVAILABILITY = YES_AGGRESSIVE;
				CLANG_WARN_UNREACHABLE_CODE = YES;
				CLANG_WARN__DUPLICATE_METHOD_MATCH = YES;
				COPY_PHASE_STRIP = NO;
				CURRENT_PROJECT_VERSION = 1;
				DEBUG_INFORMATION_FORMAT = "dwarf-with-dsym";
				ENABLE_NS_ASSERTIONS = NO;
				ENABLE_STRICT_OBJC_MSGSEND = YES;
				ENABLE_USER_SCRIPT_SANDBOXING = YES;
				GCC_C_LANGUAGE_STANDARD = gnu17;
				GCC_NO_COMMON_BLOCKS = YES;
				GCC_WARN_64_TO_32_BIT_CONVERSION = YES;
				GCC_WARN_ABOUT_RETURN_TYPE = YES_ERROR;
				GCC_WARN_UNDECLARED_SELECTOR = YES;
				GCC_WARN_UNINITIALIZED_AUTOS = YES_AGGRESSIVE;
				GCC_WARN_UNUSED_FUNCTION = YES;
				GCC_WARN_UNUSED_VARIABLE = YES;
				LOCALIZATION_PREFERS_STRING_CATALOGS = YES;
				MTL_ENABLE_DEBUG_INFO = NO;
				MTL_FAST_MATH = YES;
				SWIFT_COMPILATION_MODE = wholemodule;
				VERSIONING_SYSTEM = "apple-generic";
				VERSION_INFO_PREFIX = "";
			};
			name = Release;
		};
		2443C3B62C22A42800DBFE5D /* Debug */ = {
			isa = XCBuildConfiguration;
			buildSettings = {
				ALLOW_TARGET_PLATFORM_SPECIALIZATION = YES;
				BUILD_LIBRARY_FOR_DISTRIBUTION = YES;
				CODE_SIGN_STYLE = Automatic;
				CURRENT_PROJECT_VERSION = 1;
				DEFINES_MODULE = YES;
				DYLIB_COMPATIBILITY_VERSION = 1;
				DYLIB_CURRENT_VERSION = 1;
				DYLIB_INSTALL_NAME_BASE = "@rpath";
				ENABLE_MODULE_VERIFIER = YES;
				GENERATE_INFOPLIST_FILE = YES;
				INFOPLIST_KEY_NSHumanReadableCopyright = "";
				INSTALL_PATH = "$(LOCAL_LIBRARY_DIR)/Frameworks";
				IPHONEOS_DEPLOYMENT_TARGET = 15.0;
				LD_RUNPATH_SEARCH_PATHS = (
					"@executable_path/Frameworks",
					"@loader_path/Frameworks",
				);
				"LD_RUNPATH_SEARCH_PATHS[sdk=macosx*]" = (
					"@executable_path/../Frameworks",
					"@loader_path/Frameworks",
				);
				MACOSX_DEPLOYMENT_TARGET = 14.4;
				MARKETING_VERSION = 1.0;
				MODULE_VERIFIER_SUPPORTED_LANGUAGES = "objective-c objective-c++";
				MODULE_VERIFIER_SUPPORTED_LANGUAGE_STANDARDS = "gnu17 gnu++20";
				PRODUCT_BUNDLE_IDENTIFIER = com.duyle2906.PresentationLayer;
				PRODUCT_NAME = "$(TARGET_NAME:c99extidentifier)";
				SDKROOT = auto;
				SKIP_INSTALL = YES;
				SUPPORTED_PLATFORMS = "iphoneos iphonesimulator macosx";
				SWIFT_EMIT_LOC_STRINGS = YES;
				SWIFT_INSTALL_OBJC_HEADER = NO;
				SWIFT_VERSION = 5.0;
				TARGETED_DEVICE_FAMILY = "1,2";
			};
			name = Debug;
		};
		2443C3B72C22A42800DBFE5D /* Release */ = {
			isa = XCBuildConfiguration;
			buildSettings = {
				ALLOW_TARGET_PLATFORM_SPECIALIZATION = YES;
				BUILD_LIBRARY_FOR_DISTRIBUTION = YES;
				CODE_SIGN_STYLE = Automatic;
				CURRENT_PROJECT_VERSION = 1;
				DEFINES_MODULE = YES;
				DYLIB_COMPATIBILITY_VERSION = 1;
				DYLIB_CURRENT_VERSION = 1;
				DYLIB_INSTALL_NAME_BASE = "@rpath";
				ENABLE_MODULE_VERIFIER = YES;
				GENERATE_INFOPLIST_FILE = YES;
				INFOPLIST_KEY_NSHumanReadableCopyright = "";
				INSTALL_PATH = "$(LOCAL_LIBRARY_DIR)/Frameworks";
				IPHONEOS_DEPLOYMENT_TARGET = 15.0;
				LD_RUNPATH_SEARCH_PATHS = (
					"@executable_path/Frameworks",
					"@loader_path/Frameworks",
				);
				"LD_RUNPATH_SEARCH_PATHS[sdk=macosx*]" = (
					"@executable_path/../Frameworks",
					"@loader_path/Frameworks",
				);
				MACOSX_DEPLOYMENT_TARGET = 14.4;
				MARKETING_VERSION = 1.0;
				MODULE_VERIFIER_SUPPORTED_LANGUAGES = "objective-c objective-c++";
				MODULE_VERIFIER_SUPPORTED_LANGUAGE_STANDARDS = "gnu17 gnu++20";
				PRODUCT_BUNDLE_IDENTIFIER = com.duyle2906.PresentationLayer;
				PRODUCT_NAME = "$(TARGET_NAME:c99extidentifier)";
				SDKROOT = auto;
				SKIP_INSTALL = YES;
				SUPPORTED_PLATFORMS = "iphoneos iphonesimulator macosx";
				SWIFT_EMIT_LOC_STRINGS = YES;
				SWIFT_INSTALL_OBJC_HEADER = NO;
				SWIFT_VERSION = 5.0;
				TARGETED_DEVICE_FAMILY = "1,2";
			};
			name = Release;
		};
		2443C3B92C22A42800DBFE5D /* Debug */ = {
			isa = XCBuildConfiguration;
			buildSettings = {
				ALLOW_TARGET_PLATFORM_SPECIALIZATION = YES;
				ALWAYS_EMBED_SWIFT_STANDARD_LIBRARIES = YES;
				CLANG_ENABLE_MODULES = YES;
				CODE_SIGN_STYLE = Automatic;
				CURRENT_PROJECT_VERSION = 1;
				GENERATE_INFOPLIST_FILE = YES;
				IPHONEOS_DEPLOYMENT_TARGET = 17.5;
				MACOSX_DEPLOYMENT_TARGET = 14.4;
				MARKETING_VERSION = 1.0;
				PRODUCT_BUNDLE_IDENTIFIER = com.duyle2906.PresentationLayerTests;
				PRODUCT_NAME = "$(TARGET_NAME)";
				SDKROOT = auto;
				SUPPORTED_PLATFORMS = "iphoneos iphonesimulator macosx";
				SWIFT_EMIT_LOC_STRINGS = NO;
				SWIFT_OPTIMIZATION_LEVEL = "-Onone";
				SWIFT_VERSION = 5.0;
				TARGETED_DEVICE_FAMILY = "1,2";
			};
			name = Debug;
		};
		2443C3BA2C22A42800DBFE5D /* Release */ = {
			isa = XCBuildConfiguration;
			buildSettings = {
				ALLOW_TARGET_PLATFORM_SPECIALIZATION = YES;
				ALWAYS_EMBED_SWIFT_STANDARD_LIBRARIES = YES;
				CLANG_ENABLE_MODULES = YES;
				CODE_SIGN_STYLE = Automatic;
				CURRENT_PROJECT_VERSION = 1;
				GENERATE_INFOPLIST_FILE = YES;
				IPHONEOS_DEPLOYMENT_TARGET = 17.5;
				MACOSX_DEPLOYMENT_TARGET = 14.4;
				MARKETING_VERSION = 1.0;
				PRODUCT_BUNDLE_IDENTIFIER = com.duyle2906.PresentationLayerTests;
				PRODUCT_NAME = "$(TARGET_NAME)";
				SDKROOT = auto;
				SUPPORTED_PLATFORMS = "iphoneos iphonesimulator macosx";
				SWIFT_EMIT_LOC_STRINGS = NO;
				SWIFT_VERSION = 5.0;
				TARGETED_DEVICE_FAMILY = "1,2";
			};
			name = Release;
		};
/* End XCBuildConfiguration section */

/* Begin XCConfigurationList section */
		2443C39B2C22A42800DBFE5D /* Build configuration list for PBXProject "PresentationLayer" */ = {
			isa = XCConfigurationList;
			buildConfigurations = (
				2443C3B32C22A42800DBFE5D /* Debug */,
				2443C3B42C22A42800DBFE5D /* Release */,
			);
			defaultConfigurationIsVisible = 0;
			defaultConfigurationName = Release;
		};
		2443C3B52C22A42800DBFE5D /* Build configuration list for PBXNativeTarget "PresentationLayer" */ = {
			isa = XCConfigurationList;
			buildConfigurations = (
				2443C3B62C22A42800DBFE5D /* Debug */,
				2443C3B72C22A42800DBFE5D /* Release */,
			);
			defaultConfigurationIsVisible = 0;
			defaultConfigurationName = Release;
		};
		2443C3B82C22A42800DBFE5D /* Build configuration list for PBXNativeTarget "PresentationLayerTests" */ = {
			isa = XCConfigurationList;
			buildConfigurations = (
				2443C3B92C22A42800DBFE5D /* Debug */,
				2443C3BA2C22A42800DBFE5D /* Release */,
			);
			defaultConfigurationIsVisible = 0;
			defaultConfigurationName = Release;
		};
/* End XCConfigurationList section */
	};
	rootObject = 2443C3982C22A42800DBFE5D /* Project object */;
}
