// !$*UTF8*$!
{
	archiveVersion = 1;
	classes = {
	};
	objectVersion = 56;
	objects = {

/* Begin PBXBuildFile section */
		2443C3822C22A40100DBFE5D /* DataLayer.docc in Sources */ = {isa = PBXBuildFile; fileRef = 2443C3812C22A40100DBFE5D /* DataLayer.docc */; };
		2443C3882C22A40100DBFE5D /* DataLayer.framework in Frameworks */ = {isa = PBXBuildFile; fileRef = 2443C37D2C22A40100DBFE5D /* DataLayer.framework */; };
		2443C38D2C22A40100DBFE5D /* DataLayerTests.swift in Sources */ = {isa = PBXBuildFile; fileRef = 2443C38C2C22A40100DBFE5D /* DataLayerTests.swift */; };
		2443C38E2C22A40100DBFE5D /* DataLayer.h in Headers */ = {isa = PBXBuildFile; fileRef = 2443C3802C22A40100DBFE5D /* DataLayer.h */; settings = {ATTRIBUTES = (Public, ); }; };
		2443C3C22C22A44800DBFE5D /* DomainLayer.framework in Frameworks */ = {isa = PBXBuildFile; fileRef = 2443C3C12C22A44800DBFE5D /* DomainLayer.framework */; };
		2443C3C32C22A44800DBFE5D /* DomainLayer.framework in Embed Frameworks */ = {isa = PBXBuildFile; fileRef = 2443C3C12C22A44800DBFE5D /* DomainLayer.framework */; settings = {ATTRIBUTES = (CodeSignOnCopy, RemoveHeadersOnCopy, ); }; };
		2443C3DE2C22AC5400DBFE5D /* EndpointProtocol.swift in Sources */ = {isa = PBXBuildFile; fileRef = 2443C3DD2C22AC5400DBFE5D /* EndpointProtocol.swift */; };
		2443C3E02C22AC6600DBFE5D /* ApiService.swift in Sources */ = {isa = PBXBuildFile; fileRef = 2443C3DF2C22AC6600DBFE5D /* ApiService.swift */; };
		2443C3E22C22AC8000DBFE5D /* RaceEnpoint.swift in Sources */ = {isa = PBXBuildFile; fileRef = 2443C3E12C22AC8000DBFE5D /* RaceEnpoint.swift */; };
		2443C3E52C22AE6800DBFE5D /* GetNextRacesResponse.swift in Sources */ = {isa = PBXBuildFile; fileRef = 2443C3E42C22AE6800DBFE5D /* GetNextRacesResponse.swift */; };
		2443C3E92C22B24B00DBFE5D /* RaceRemoteDataSource.swift in Sources */ = {isa = PBXBuildFile; fileRef = 2443C3E82C22B24B00DBFE5D /* RaceRemoteDataSource.swift */; };
/* End PBXBuildFile section */

/* Begin PBXContainerItemProxy section */
		2443C3892C22A40100DBFE5D /* PBXContainerItemProxy */ = {
			isa = PBXContainerItemProxy;
			containerPortal = 2443C3742C22A40100DBFE5D /* Project object */;
			proxyType = 1;
			remoteGlobalIDString = 2443C37C2C22A40100DBFE5D;
			remoteInfo = DataLayer;
		};
/* End PBXContainerItemProxy section */

/* Begin PBXCopyFilesBuildPhase section */
		2443C3C42C22A44800DBFE5D /* Embed Frameworks */ = {
			isa = PBXCopyFilesBuildPhase;
			buildActionMask = 2147483647;
			dstPath = "";
			dstSubfolderSpec = 10;
			files = (
				2443C3C32C22A44800DBFE5D /* DomainLayer.framework in Embed Frameworks */,
			);
			name = "Embed Frameworks";
			runOnlyForDeploymentPostprocessing = 0;
		};
/* End PBXCopyFilesBuildPhase section */

/* Begin PBXFileReference section */
		2443C37D2C22A40100DBFE5D /* DataLayer.framework */ = {isa = PBXFileReference; explicitFileType = wrapper.framework; includeInIndex = 0; path = DataLayer.framework; sourceTree = BUILT_PRODUCTS_DIR; };
		2443C3802C22A40100DBFE5D /* DataLayer.h */ = {isa = PBXFileReference; lastKnownFileType = sourcecode.c.h; path = DataLayer.h; sourceTree = "<group>"; };
		2443C3812C22A40100DBFE5D /* DataLayer.docc */ = {isa = PBXFileReference; lastKnownFileType = folder.documentationcatalog; path = DataLayer.docc; sourceTree = "<group>"; };
		2443C3872C22A40100DBFE5D /* DataLayerTests.xctest */ = {isa = PBXFileReference; explicitFileType = wrapper.cfbundle; includeInIndex = 0; path = DataLayerTests.xctest; sourceTree = BUILT_PRODUCTS_DIR; };
		2443C38C2C22A40100DBFE5D /* DataLayerTests.swift */ = {isa = PBXFileReference; lastKnownFileType = sourcecode.swift; path = DataLayerTests.swift; sourceTree = "<group>"; };
		2443C3C12C22A44800DBFE5D /* DomainLayer.framework */ = {isa = PBXFileReference; explicitFileType = wrapper.framework; path = DomainLayer.framework; sourceTree = BUILT_PRODUCTS_DIR; };
		2443C3DD2C22AC5400DBFE5D /* EndpointProtocol.swift */ = {isa = PBXFileReference; lastKnownFileType = sourcecode.swift; path = EndpointProtocol.swift; sourceTree = "<group>"; };
		2443C3DF2C22AC6600DBFE5D /* ApiService.swift */ = {isa = PBXFileReference; lastKnownFileType = sourcecode.swift; path = ApiService.swift; sourceTree = "<group>"; };
		2443C3E12C22AC8000DBFE5D /* RaceEnpoint.swift */ = {isa = PBXFileReference; lastKnownFileType = sourcecode.swift; path = RaceEnpoint.swift; sourceTree = "<group>"; };
		2443C3E42C22AE6800DBFE5D /* GetNextRacesResponse.swift */ = {isa = PBXFileReference; lastKnownFileType = sourcecode.swift; path = GetNextRacesResponse.swift; sourceTree = "<group>"; };
		2443C3E82C22B24B00DBFE5D /* RaceRemoteDataSource.swift */ = {isa = PBXFileReference; lastKnownFileType = sourcecode.swift; path = RaceRemoteDataSource.swift; sourceTree = "<group>"; };
/* End PBXFileReference section */

/* Begin PBXFrameworksBuildPhase section */
		2443C37A2C22A40100DBFE5D /* Frameworks */ = {
			isa = PBXFrameworksBuildPhase;
			buildActionMask = 2147483647;
			files = (
				2443C3C22C22A44800DBFE5D /* DomainLayer.framework in Frameworks */,
			);
			runOnlyForDeploymentPostprocessing = 0;
		};
		2443C3842C22A40100DBFE5D /* Frameworks */ = {
			isa = PBXFrameworksBuildPhase;
			buildActionMask = 2147483647;
			files = (
				2443C3882C22A40100DBFE5D /* DataLayer.framework in Frameworks */,
			);
			runOnlyForDeploymentPostprocessing = 0;
		};
/* End PBXFrameworksBuildPhase section */

/* Begin PBXGroup section */
		2443C3732C22A40100DBFE5D = {
			isa = PBXGroup;
			children = (
				2443C37F2C22A40100DBFE5D /* DataLayer */,
				2443C38B2C22A40100DBFE5D /* DataLayerTests */,
				2443C37E2C22A40100DBFE5D /* Products */,
				2443C3C02C22A44800DBFE5D /* Frameworks */,
			);
			sourceTree = "<group>";
		};
		2443C37E2C22A40100DBFE5D /* Products */ = {
			isa = PBXGroup;
			children = (
				2443C37D2C22A40100DBFE5D /* DataLayer.framework */,
				2443C3872C22A40100DBFE5D /* DataLayerTests.xctest */,
			);
			name = Products;
			sourceTree = "<group>";
		};
		2443C37F2C22A40100DBFE5D /* DataLayer */ = {
			isa = PBXGroup;
			children = (
				2443C3E62C22B21400DBFE5D /* Repos */,
				2443C3E32C22AE3500DBFE5D /* DataModels */,
				2443C3DB2C22ABF400DBFE5D /* RemoteDataSources */,
				2443C3802C22A40100DBFE5D /* DataLayer.h */,
				2443C3812C22A40100DBFE5D /* DataLayer.docc */,
			);
			path = DataLayer;
			sourceTree = "<group>";
		};
		2443C38B2C22A40100DBFE5D /* DataLayerTests */ = {
			isa = PBXGroup;
			children = (
				2443C38C2C22A40100DBFE5D /* DataLayerTests.swift */,
			);
			path = DataLayerTests;
			sourceTree = "<group>";
		};
		2443C3C02C22A44800DBFE5D /* Frameworks */ = {
			isa = PBXGroup;
			children = (
				2443C3C12C22A44800DBFE5D /* DomainLayer.framework */,
			);
			name = Frameworks;
			sourceTree = "<group>";
		};
		2443C3DB2C22ABF400DBFE5D /* RemoteDataSources */ = {
			isa = PBXGroup;
			children = (
				2443C3DC2C22AC3100DBFE5D /* ApiService */,
				2443C3E82C22B24B00DBFE5D /* RaceRemoteDataSource.swift */,
			);
			path = RemoteDataSources;
			sourceTree = "<group>";
		};
		2443C3DC2C22AC3100DBFE5D /* ApiService */ = {
			isa = PBXGroup;
			children = (
				2443C3DD2C22AC5400DBFE5D /* EndpointProtocol.swift */,
				2443C3DF2C22AC6600DBFE5D /* ApiService.swift */,
				2443C3E12C22AC8000DBFE5D /* RaceEnpoint.swift */,
			);
			path = ApiService;
			sourceTree = "<group>";
		};
		2443C3E32C22AE3500DBFE5D /* DataModels */ = {
			isa = PBXGroup;
			children = (
				2443C3E42C22AE6800DBFE5D /* GetNextRacesResponse.swift */,
			);
			path = DataModels;
			sourceTree = "<group>";
		};
		2443C3E62C22B21400DBFE5D /* Repos */ = {
			isa = PBXGroup;
			children = (
			);
			path = Repos;
			sourceTree = "<group>";
		};
/* End PBXGroup section */

/* Begin PBXHeadersBuildPhase section */
		2443C3782C22A40100DBFE5D /* Headers */ = {
			isa = PBXHeadersBuildPhase;
			buildActionMask = 2147483647;
			files = (
				2443C38E2C22A40100DBFE5D /* DataLayer.h in Headers */,
			);
			runOnlyForDeploymentPostprocessing = 0;
		};
/* End PBXHeadersBuildPhase section */

/* Begin PBXNativeTarget section */
		2443C37C2C22A40100DBFE5D /* DataLayer */ = {
			isa = PBXNativeTarget;
			buildConfigurationList = 2443C3912C22A40100DBFE5D /* Build configuration list for PBXNativeTarget "DataLayer" */;
			buildPhases = (
				2443C3782C22A40100DBFE5D /* Headers */,
				2443C3792C22A40100DBFE5D /* Sources */,
				2443C37A2C22A40100DBFE5D /* Frameworks */,
				2443C37B2C22A40100DBFE5D /* Resources */,
				2443C3C42C22A44800DBFE5D /* Embed Frameworks */,
			);
			buildRules = (
			);
			dependencies = (
			);
			name = DataLayer;
			productName = DataLayer;
			productReference = 2443C37D2C22A40100DBFE5D /* DataLayer.framework */;
			productType = "com.apple.product-type.framework";
		};
		2443C3862C22A40100DBFE5D /* DataLayerTests */ = {
			isa = PBXNativeTarget;
			buildConfigurationList = 2443C3942C22A40100DBFE5D /* Build configuration list for PBXNativeTarget "DataLayerTests" */;
			buildPhases = (
				2443C3832C22A40100DBFE5D /* Sources */,
				2443C3842C22A40100DBFE5D /* Frameworks */,
				2443C3852C22A40100DBFE5D /* Resources */,
			);
			buildRules = (
			);
			dependencies = (
				2443C38A2C22A40100DBFE5D /* PBXTargetDependency */,
			);
			name = DataLayerTests;
			productName = DataLayerTests;
			productReference = 2443C3872C22A40100DBFE5D /* DataLayerTests.xctest */;
			productType = "com.apple.product-type.bundle.unit-test";
		};
/* End PBXNativeTarget section */

/* Begin PBXProject section */
		2443C3742C22A40100DBFE5D /* Project object */ = {
			isa = PBXProject;
			attributes = {
				BuildIndependentTargetsInParallel = 1;
				LastSwiftUpdateCheck = 1540;
				LastUpgradeCheck = 1540;
				TargetAttributes = {
					2443C37C2C22A40100DBFE5D = {
						CreatedOnToolsVersion = 15.4;
					};
					2443C3862C22A40100DBFE5D = {
						CreatedOnToolsVersion = 15.4;
					};
				};
			};
			buildConfigurationList = 2443C3772C22A40100DBFE5D /* Build configuration list for PBXProject "DataLayer" */;
			compatibilityVersion = "Xcode 14.0";
			developmentRegion = en;
			hasScannedForEncodings = 0;
			knownRegions = (
				en,
				Base,
			);
			mainGroup = 2443C3732C22A40100DBFE5D;
			productRefGroup = 2443C37E2C22A40100DBFE5D /* Products */;
			projectDirPath = "";
			projectRoot = "";
			targets = (
				2443C37C2C22A40100DBFE5D /* DataLayer */,
				2443C3862C22A40100DBFE5D /* DataLayerTests */,
			);
		};
/* End PBXProject section */

/* Begin PBXResourcesBuildPhase section */
		2443C37B2C22A40100DBFE5D /* Resources */ = {
			isa = PBXResourcesBuildPhase;
			buildActionMask = 2147483647;
			files = (
			);
			runOnlyForDeploymentPostprocessing = 0;
		};
		2443C3852C22A40100DBFE5D /* Resources */ = {
			isa = PBXResourcesBuildPhase;
			buildActionMask = 2147483647;
			files = (
			);
			runOnlyForDeploymentPostprocessing = 0;
		};
/* End PBXResourcesBuildPhase section */

/* Begin PBXSourcesBuildPhase section */
		2443C3792C22A40100DBFE5D /* Sources */ = {
			isa = PBXSourcesBuildPhase;
			buildActionMask = 2147483647;
			files = (
				2443C3E22C22AC8000DBFE5D /* RaceEnpoint.swift in Sources */,
				2443C3DE2C22AC5400DBFE5D /* EndpointProtocol.swift in Sources */,
				2443C3822C22A40100DBFE5D /* DataLayer.docc in Sources */,
				2443C3E02C22AC6600DBFE5D /* ApiService.swift in Sources */,
				2443C3E52C22AE6800DBFE5D /* GetNextRacesResponse.swift in Sources */,
				2443C3E92C22B24B00DBFE5D /* RaceRemoteDataSource.swift in Sources */,
			);
			runOnlyForDeploymentPostprocessing = 0;
		};
		2443C3832C22A40100DBFE5D /* Sources */ = {
			isa = PBXSourcesBuildPhase;
			buildActionMask = 2147483647;
			files = (
				2443C38D2C22A40100DBFE5D /* DataLayerTests.swift in Sources */,
			);
			runOnlyForDeploymentPostprocessing = 0;
		};
/* End PBXSourcesBuildPhase section */

/* Begin PBXTargetDependency section */
		2443C38A2C22A40100DBFE5D /* PBXTargetDependency */ = {
			isa = PBXTargetDependency;
			target = 2443C37C2C22A40100DBFE5D /* DataLayer */;
			targetProxy = 2443C3892C22A40100DBFE5D /* PBXContainerItemProxy */;
		};
/* End PBXTargetDependency section */

/* Begin XCBuildConfiguration section */
		2443C38F2C22A40100DBFE5D /* Debug */ = {
			isa = XCBuildConfiguration;
			buildSettings = {
				ALWAYS_SEARCH_USER_PATHS = NO;
				ASSETCATALOG_COMPILER_GENERATE_SWIFT_ASSET_SYMBOL_EXTENSIONS = YES;
				CLANG_ANALYZER_NONNULL = YES;
				CLANG_ANALYZER_NUMBER_OBJECT_CONVERSION = YES_AGGRESSIVE;
				CLANG_CXX_LANGUAGE_STANDARD = "gnu++20";
				CLANG_ENABLE_MODULES = YES;
				CLANG_ENABLE_OBJC_ARC = YES;
				CLANG_ENABLE_OBJC_WEAK = YES;
				CLANG_WARN_BLOCK_CAPTURE_AUTORELEASING = YES;
				CLANG_WARN_BOOL_CONVERSION = YES;
				CLANG_WARN_COMMA = YES;
				CLANG_WARN_CONSTANT_CONVERSION = YES;
				CLANG_WARN_DEPRECATED_OBJC_IMPLEMENTATIONS = YES;
				CLANG_WARN_DIRECT_OBJC_ISA_USAGE = YES_ERROR;
				CLANG_WARN_DOCUMENTATION_COMMENTS = YES;
				CLANG_WARN_EMPTY_BODY = YES;
				CLANG_WARN_ENUM_CONVERSION = YES;
				CLANG_WARN_INFINITE_RECURSION = YES;
				CLANG_WARN_INT_CONVERSION = YES;
				CLANG_WARN_NON_LITERAL_NULL_CONVERSION = YES;
				CLANG_WARN_OBJC_IMPLICIT_RETAIN_SELF = YES;
				CLANG_WARN_OBJC_LITERAL_CONVERSION = YES;
				CLANG_WARN_OBJC_ROOT_CLASS = YES_ERROR;
				CLANG_WARN_QUOTED_INCLUDE_IN_FRAMEWORK_HEADER = YES;
				CLANG_WARN_RANGE_LOOP_ANALYSIS = YES;
				CLANG_WARN_STRICT_PROTOTYPES = YES;
				CLANG_WARN_SUSPICIOUS_MOVE = YES;
				CLANG_WARN_UNGUARDED_AVAILABILITY = YES_AGGRESSIVE;
				CLANG_WARN_UNREACHABLE_CODE = YES;
				CLANG_WARN__DUPLICATE_METHOD_MATCH = YES;
				COPY_PHASE_STRIP = NO;
				CURRENT_PROJECT_VERSION = 1;
				DEBUG_INFORMATION_FORMAT = dwarf;
				ENABLE_STRICT_OBJC_MSGSEND = YES;
				ENABLE_TESTABILITY = YES;
				ENABLE_USER_SCRIPT_SANDBOXING = YES;
				GCC_C_LANGUAGE_STANDARD = gnu17;
				GCC_DYNAMIC_NO_PIC = NO;
				GCC_NO_COMMON_BLOCKS = YES;
				GCC_OPTIMIZATION_LEVEL = 0;
				GCC_PREPROCESSOR_DEFINITIONS = (
					"DEBUG=1",
					"$(inherited)",
				);
				GCC_WARN_64_TO_32_BIT_CONVERSION = YES;
				GCC_WARN_ABOUT_RETURN_TYPE = YES_ERROR;
				GCC_WARN_UNDECLARED_SELECTOR = YES;
				GCC_WARN_UNINITIALIZED_AUTOS = YES_AGGRESSIVE;
				GCC_WARN_UNUSED_FUNCTION = YES;
				GCC_WARN_UNUSED_VARIABLE = YES;
				LOCALIZATION_PREFERS_STRING_CATALOGS = YES;
				MTL_ENABLE_DEBUG_INFO = INCLUDE_SOURCE;
				MTL_FAST_MATH = YES;
				ONLY_ACTIVE_ARCH = YES;
				SWIFT_ACTIVE_COMPILATION_CONDITIONS = "DEBUG $(inherited)";
				SWIFT_OPTIMIZATION_LEVEL = "-Onone";
				VERSIONING_SYSTEM = "apple-generic";
				VERSION_INFO_PREFIX = "";
			};
			name = Debug;
		};
		2443C3902C22A40100DBFE5D /* Release */ = {
			isa = XCBuildConfiguration;
			buildSettings = {
				ALWAYS_SEARCH_USER_PATHS = NO;
				ASSETCATALOG_COMPILER_GENERATE_SWIFT_ASSET_SYMBOL_EXTENSIONS = YES;
				CLANG_ANALYZER_NONNULL = YES;
				CLANG_ANALYZER_NUMBER_OBJECT_CONVERSION = YES_AGGRESSIVE;
				CLANG_CXX_LANGUAGE_STANDARD = "gnu++20";
				CLANG_ENABLE_MODULES = YES;
				CLANG_ENABLE_OBJC_ARC = YES;
				CLANG_ENABLE_OBJC_WEAK = YES;
				CLANG_WARN_BLOCK_CAPTURE_AUTORELEASING = YES;
				CLANG_WARN_BOOL_CONVERSION = YES;
				CLANG_WARN_COMMA = YES;
				CLANG_WARN_CONSTANT_CONVERSION = YES;
				CLANG_WARN_DEPRECATED_OBJC_IMPLEMENTATIONS = YES;
				CLANG_WARN_DIRECT_OBJC_ISA_USAGE = YES_ERROR;
				CLANG_WARN_DOCUMENTATION_COMMENTS = YES;
				CLANG_WARN_EMPTY_BODY = YES;
				CLANG_WARN_ENUM_CONVERSION = YES;
				CLANG_WARN_INFINITE_RECURSION = YES;
				CLANG_WARN_INT_CONVERSION = YES;
				CLANG_WARN_NON_LITERAL_NULL_CONVERSION = YES;
				CLANG_WARN_OBJC_IMPLICIT_RETAIN_SELF = YES;
				CLANG_WARN_OBJC_LITERAL_CONVERSION = YES;
				CLANG_WARN_OBJC_ROOT_CLASS = YES_ERROR;
				CLANG_WARN_QUOTED_INCLUDE_IN_FRAMEWORK_HEADER = YES;
				CLANG_WARN_RANGE_LOOP_ANALYSIS = YES;
				CLANG_WARN_STRICT_PROTOTYPES = YES;
				CLANG_WARN_SUSPICIOUS_MOVE = YES;
				CLANG_WARN_UNGUARDED_AVAILABILITY = YES_AGGRESSIVE;
				CLANG_WARN_UNREACHABLE_CODE = YES;
				CLANG_WARN__DUPLICATE_METHOD_MATCH = YES;
				COPY_PHASE_STRIP = NO;
				CURRENT_PROJECT_VERSION = 1;
				DEBUG_INFORMATION_FORMAT = "dwarf-with-dsym";
				ENABLE_NS_ASSERTIONS = NO;
				ENABLE_STRICT_OBJC_MSGSEND = YES;
				ENABLE_USER_SCRIPT_SANDBOXING = YES;
				GCC_C_LANGUAGE_STANDARD = gnu17;
				GCC_NO_COMMON_BLOCKS = YES;
				GCC_WARN_64_TO_32_BIT_CONVERSION = YES;
				GCC_WARN_ABOUT_RETURN_TYPE = YES_ERROR;
				GCC_WARN_UNDECLARED_SELECTOR = YES;
				GCC_WARN_UNINITIALIZED_AUTOS = YES_AGGRESSIVE;
				GCC_WARN_UNUSED_FUNCTION = YES;
				GCC_WARN_UNUSED_VARIABLE = YES;
				LOCALIZATION_PREFERS_STRING_CATALOGS = YES;
				MTL_ENABLE_DEBUG_INFO = NO;
				MTL_FAST_MATH = YES;
				SWIFT_COMPILATION_MODE = wholemodule;
				VERSIONING_SYSTEM = "apple-generic";
				VERSION_INFO_PREFIX = "";
			};
			name = Release;
		};
		2443C3922C22A40100DBFE5D /* Debug */ = {
			isa = XCBuildConfiguration;
			buildSettings = {
				ALLOW_TARGET_PLATFORM_SPECIALIZATION = YES;
				BUILD_LIBRARY_FOR_DISTRIBUTION = YES;
				CODE_SIGN_STYLE = Automatic;
				CURRENT_PROJECT_VERSION = 1;
				DEFINES_MODULE = YES;
				DYLIB_COMPATIBILITY_VERSION = 1;
				DYLIB_CURRENT_VERSION = 1;
				DYLIB_INSTALL_NAME_BASE = "@rpath";
				ENABLE_MODULE_VERIFIER = YES;
				GENERATE_INFOPLIST_FILE = YES;
				INFOPLIST_KEY_NSHumanReadableCopyright = "";
				INSTALL_PATH = "$(LOCAL_LIBRARY_DIR)/Frameworks";
				IPHONEOS_DEPLOYMENT_TARGET = 15.0;
				LD_RUNPATH_SEARCH_PATHS = (
					"@executable_path/Frameworks",
					"@loader_path/Frameworks",
				);
				"LD_RUNPATH_SEARCH_PATHS[sdk=macosx*]" = (
					"@executable_path/../Frameworks",
					"@loader_path/Frameworks",
				);
				MACOSX_DEPLOYMENT_TARGET = 14.4;
				MARKETING_VERSION = 1.0;
				MODULE_VERIFIER_SUPPORTED_LANGUAGES = "objective-c objective-c++";
				MODULE_VERIFIER_SUPPORTED_LANGUAGE_STANDARDS = "gnu17 gnu++20";
				PRODUCT_BUNDLE_IDENTIFIER = com.duyle2906.DataLayer;
				PRODUCT_NAME = "$(TARGET_NAME:c99extidentifier)";
				SDKROOT = auto;
				SKIP_INSTALL = YES;
				SUPPORTED_PLATFORMS = "iphoneos iphonesimulator macosx";
				SWIFT_EMIT_LOC_STRINGS = YES;
				SWIFT_INSTALL_OBJC_HEADER = NO;
				SWIFT_VERSION = 5.0;
				TARGETED_DEVICE_FAMILY = "1,2";
			};
			name = Debug;
		};
		2443C3932C22A40100DBFE5D /* Release */ = {
			isa = XCBuildConfiguration;
			buildSettings = {
				ALLOW_TARGET_PLATFORM_SPECIALIZATION = YES;
				BUILD_LIBRARY_FOR_DISTRIBUTION = YES;
				CODE_SIGN_STYLE = Automatic;
				CURRENT_PROJECT_VERSION = 1;
				DEFINES_MODULE = YES;
				DYLIB_COMPATIBILITY_VERSION = 1;
				DYLIB_CURRENT_VERSION = 1;
				DYLIB_INSTALL_NAME_BASE = "@rpath";
				ENABLE_MODULE_VERIFIER = YES;
				GENERATE_INFOPLIST_FILE = YES;
				INFOPLIST_KEY_NSHumanReadableCopyright = "";
				INSTALL_PATH = "$(LOCAL_LIBRARY_DIR)/Frameworks";
				IPHONEOS_DEPLOYMENT_TARGET = 15.0;
				LD_RUNPATH_SEARCH_PATHS = (
					"@executable_path/Frameworks",
					"@loader_path/Frameworks",
				);
				"LD_RUNPATH_SEARCH_PATHS[sdk=macosx*]" = (
					"@executable_path/../Frameworks",
					"@loader_path/Frameworks",
				);
				MACOSX_DEPLOYMENT_TARGET = 14.4;
				MARKETING_VERSION = 1.0;
				MODULE_VERIFIER_SUPPORTED_LANGUAGES = "objective-c objective-c++";
				MODULE_VERIFIER_SUPPORTED_LANGUAGE_STANDARDS = "gnu17 gnu++20";
				PRODUCT_BUNDLE_IDENTIFIER = com.duyle2906.DataLayer;
				PRODUCT_NAME = "$(TARGET_NAME:c99extidentifier)";
				SDKROOT = auto;
				SKIP_INSTALL = YES;
				SUPPORTED_PLATFORMS = "iphoneos iphonesimulator macosx";
				SWIFT_EMIT_LOC_STRINGS = YES;
				SWIFT_INSTALL_OBJC_HEADER = NO;
				SWIFT_VERSION = 5.0;
				TARGETED_DEVICE_FAMILY = "1,2";
			};
			name = Release;
		};
		2443C3952C22A40100DBFE5D /* Debug */ = {
			isa = XCBuildConfiguration;
			buildSettings = {
				ALLOW_TARGET_PLATFORM_SPECIALIZATION = YES;
				ALWAYS_EMBED_SWIFT_STANDARD_LIBRARIES = YES;
				CODE_SIGN_STYLE = Automatic;
				CURRENT_PROJECT_VERSION = 1;
				GENERATE_INFOPLIST_FILE = YES;
				IPHONEOS_DEPLOYMENT_TARGET = 17.5;
				MACOSX_DEPLOYMENT_TARGET = 14.4;
				MARKETING_VERSION = 1.0;
				PRODUCT_BUNDLE_IDENTIFIER = com.duyle2906.DataLayerTests;
				PRODUCT_NAME = "$(TARGET_NAME)";
				SDKROOT = auto;
				SUPPORTED_PLATFORMS = "iphoneos iphonesimulator macosx";
				SWIFT_EMIT_LOC_STRINGS = NO;
				SWIFT_VERSION = 5.0;
				TARGETED_DEVICE_FAMILY = "1,2";
			};
			name = Debug;
		};
		2443C3962C22A40100DBFE5D /* Release */ = {
			isa = XCBuildConfiguration;
			buildSettings = {
				ALLOW_TARGET_PLATFORM_SPECIALIZATION = YES;
				ALWAYS_EMBED_SWIFT_STANDARD_LIBRARIES = YES;
				CODE_SIGN_STYLE = Automatic;
				CURRENT_PROJECT_VERSION = 1;
				GENERATE_INFOPLIST_FILE = YES;
				IPHONEOS_DEPLOYMENT_TARGET = 17.5;
				MACOSX_DEPLOYMENT_TARGET = 14.4;
				MARKETING_VERSION = 1.0;
				PRODUCT_BUNDLE_IDENTIFIER = com.duyle2906.DataLayerTests;
				PRODUCT_NAME = "$(TARGET_NAME)";
				SDKROOT = auto;
				SUPPORTED_PLATFORMS = "iphoneos iphonesimulator macosx";
				SWIFT_EMIT_LOC_STRINGS = NO;
				SWIFT_VERSION = 5.0;
				TARGETED_DEVICE_FAMILY = "1,2";
			};
			name = Release;
		};
/* End XCBuildConfiguration section */

/* Begin XCConfigurationList section */
		2443C3772C22A40100DBFE5D /* Build configuration list for PBXProject "DataLayer" */ = {
			isa = XCConfigurationList;
			buildConfigurations = (
				2443C38F2C22A40100DBFE5D /* Debug */,
				2443C3902C22A40100DBFE5D /* Release */,
			);
			defaultConfigurationIsVisible = 0;
			defaultConfigurationName = Release;
		};
		2443C3912C22A40100DBFE5D /* Build configuration list for PBXNativeTarget "DataLayer" */ = {
			isa = XCConfigurationList;
			buildConfigurations = (
				2443C3922C22A40100DBFE5D /* Debug */,
				2443C3932C22A40100DBFE5D /* Release */,
			);
			defaultConfigurationIsVisible = 0;
			defaultConfigurationName = Release;
		};
		2443C3942C22A40100DBFE5D /* Build configuration list for PBXNativeTarget "DataLayerTests" */ = {
			isa = XCConfigurationList;
			buildConfigurations = (
				2443C3952C22A40100DBFE5D /* Debug */,
				2443C3962C22A40100DBFE5D /* Release */,
			);
			defaultConfigurationIsVisible = 0;
			defaultConfigurationName = Release;
		};
/* End XCConfigurationList section */
	};
	rootObject = 2443C3742C22A40100DBFE5D /* Project object */;
}
